{
  "requires": true,
  "lockfileVersion": 1,
  "dependencies": {
    "figlet": {
      "version": "1.5.0",
      "resolved": "https://registry.npmjs.org/figlet/-/figlet-1.5.0.tgz",
      "integrity": "sha512-ZQJM4aifMpz6H19AW1VqvZ7l4pOE9p7i/3LyxgO2kp+PO/VcDYNqIHEMtkccqIhTXMKci4kjueJr/iCQEaT/Ww=="
    },
    "filecoin": {
      "version": "0.0.0",
      "resolved": "https://registry.npmjs.org/filecoin/-/filecoin-0.0.0.tgz",
      "integrity": "sha512-qPhtST7MdZbE8cVHs+ViPqvZvlt1bQcPq/1azXizwv+Y+80k9H/4a4uD92nIDX0z/s7X6nZMhYCKYtYQGg4ugQ=="
    },
    "fs": {
      "version": "0.0.1-security",
      "resolved": "https://registry.npmjs.org/fs/-/fs-0.0.1-security.tgz",
      "integrity": "sha1-invTcYa23d84E/I4WLV+yq9eQdQ="
    }
  }
}
